
Microsoft Visual Studio Solution File, Format Version 12.00
# Visual Studio Version 16
VisualStudioVersion = 16.0.34114.132
MinimumVisualStudioVersion = 10.0.40219.1
Project("{FAE04EC0-301F-11D3-BF4B-00C04F79EFBC}") = "Rule.Bootstrapper", "Rule.Bootstrapper\Rule.Bootstrapper.csproj", "{300EED67-A728-4977-9DFD-F153553D36D8}"
EndProject
Project("{FAE04EC0-301F-11D3-BF4B-00C04F79EFBC}") = "Rule.Core", "Rule.Core\Rule.Core.csproj", "{9F0CA392-F120-4414-9D60-CFAC99103F4B}"
EndProject
Project("{FAE04EC0-301F-11D3-BF4B-00C04F79EFBC}") = "Rule.Core.Test", "Rule.Core.Test\Rule.Core.Test.csproj", "{182044C9-506B-4A87-B783-EE98DD70EADF}"
EndProject
Project("{9A19103F-16F7-4668-BE54-9A1E7A4F7556}") = "Rule.Measurement.Validation", "Rule.Measurement.Validation\Rule.Measurement.Validation.csproj", "{37C7D9D0-1F36-42A5-8FFE-291D97EF164B}"
EndProject
Project("{9A19103F-16F7-4668-BE54-9A1E7A4F7556}") = "Rules.Measurement.DataObject", "Rules.Measurement.DataObject\Rules.Measurement.DataObject.csproj", "{A91193B0-F60C-4E93-83DC-36A40DCA9049}"
EndProject
Project("{FAE04EC0-301F-11D3-BF4B-00C04F79EFBC}") = "Rule.Measurement.Validation.Test", "Rule.Measurement.Validation.Test\Rule.Measurement.Validation.Test.csproj", "{C7D1DF2F-2872-4A8D-9347-DF0B6DF08A22}"
EndProject
Global
	GlobalSection(SolutionConfigurationPlatforms) = preSolution
		Debug|Any CPU = Debug|Any CPU
		Release|Any CPU = Release|Any CPU
	EndGlobalSection
	GlobalSection(ProjectConfigurationPlatforms) = postSolution
		{300EED67-A728-4977-9DFD-F153553D36D8}.Debug|Any CPU.ActiveCfg = Debug|Any CPU
		{300EED67-A728-4977-9DFD-F153553D36D8}.Debug|Any CPU.Build.0 = Debug|Any CPU
		{300EED67-A728-4977-9DFD-F153553D36D8}.Release|Any CPU.ActiveCfg = Release|Any CPU
		{300EED67-A728-4977-9DFD-F153553D36D8}.Release|Any CPU.Build.0 = Release|Any CPU
		{9F0CA392-F120-4414-9D60-CFAC99103F4B}.Debug|Any CPU.ActiveCfg = Debug|Any CPU
		{9F0CA392-F120-4414-9D60-CFAC99103F4B}.Debug|Any CPU.Build.0 = Debug|Any CPU
		{9F0CA392-F120-4414-9D60-CFAC99103F4B}.Release|Any CPU.ActiveCfg = Release|Any CPU
		{9F0CA392-F120-4414-9D60-CFAC99103F4B}.Release|Any CPU.Build.0 = Release|Any CPU
		{182044C9-506B-4A87-B783-EE98DD70EADF}.Debug|Any CPU.ActiveCfg = Debug|Any CPU
		{182044C9-506B-4A87-B783-EE98DD70EADF}.Debug|Any CPU.Build.0 = Debug|Any CPU
		{182044C9-506B-4A87-B783-EE98DD70EADF}.Release|Any CPU.ActiveCfg = Release|Any CPU
		{182044C9-506B-4A87-B783-EE98DD70EADF}.Release|Any CPU.Build.0 = Release|Any CPU
		{37C7D9D0-1F36-42A5-8FFE-291D97EF164B}.Debug|Any CPU.ActiveCfg = Debug|Any CPU
		{37C7D9D0-1F36-42A5-8FFE-291D97EF164B}.Debug|Any CPU.Build.0 = Debug|Any CPU
		{37C7D9D0-1F36-42A5-8FFE-291D97EF164B}.Release|Any CPU.ActiveCfg = Release|Any CPU
		{37C7D9D0-1F36-42A5-8FFE-291D97EF164B}.Release|Any CPU.Build.0 = Release|Any CPU
		{A91193B0-F60C-4E93-83DC-36A40DCA9049}.Debug|Any CPU.ActiveCfg = Debug|Any CPU
		{A91193B0-F60C-4E93-83DC-36A40DCA9049}.Debug|Any CPU.Build.0 = Debug|Any CPU
		{A91193B0-F60C-4E93-83DC-36A40DCA9049}.Release|Any CPU.ActiveCfg = Release|Any CPU
		{A91193B0-F60C-4E93-83DC-36A40DCA9049}.Release|Any CPU.Build.0 = Release|Any CPU
		{C7D1DF2F-2872-4A8D-9347-DF0B6DF08A22}.Debug|Any CPU.ActiveCfg = Debug|Any CPU
		{C7D1DF2F-2872-4A8D-9347-DF0B6DF08A22}.Debug|Any CPU.Build.0 = Debug|Any CPU
		{C7D1DF2F-2872-4A8D-9347-DF0B6DF08A22}.Release|Any CPU.ActiveCfg = Release|Any CPU
		{C7D1DF2F-2872-4A8D-9347-DF0B6DF08A22}.Release|Any CPU.Build.0 = Release|Any CPU
	EndGlobalSection
	GlobalSection(SolutionProperties) = preSolution
		HideSolutionNode = FALSE
	EndGlobalSection
	GlobalSection(ExtensibilityGlobals) = postSolution
		SolutionGuid = {4C6EA313-53E5-4615-A951-928ADDD31D72}
	EndGlobalSection
EndGlobal
